
Microsoft Visual Studio Solution File, Format Version 12.00
# Visual Studio Version 16
VisualStudioVersion = 16.0.30413.136
MinimumVisualStudioVersion = 10.0.40219.1
Project("{9A19103F-16F7-4668-BE54-9A1E7A4F7556}") = "EntityFrameworkDBFirst-Demo1", "EntityFrameworkDBFirst-Demo1\EntityFrameworkDBFirst-Demo1.csproj", "{7B230C60-4576-4F7B-93F2-5B344E50478F}"
EndProject
Project("{9A19103F-16F7-4668-BE54-9A1E7A4F7556}") = "HandsOnEntityFrameworkUsingStoreProcedures", "HandsOnEntityFrameworkUsingStoreProcedures\HandsOnEntityFrameworkUsingStoreProcedures.csproj", "{C886B347-DA8E-4048-AD28-5867F6BA78E4}"
EndProject
Project("{FAE04EC0-301F-11D3-BF4B-00C04F79EFBC}") = "HandsOnEnityFrameworkUsingDtos", "HandsOnEnityFrameworkUsingDtos\HandsOnEnityFrameworkUsingDtos.csproj", "{4D3983B3-E63D-4107-9250-99BEC1079F08}"
EndProject
Global
	GlobalSection(SolutionConfigurationPlatforms) = preSolution
		Debug|Any CPU = Debug|Any CPU
		Release|Any CPU = Release|Any CPU
	EndGlobalSection
	GlobalSection(ProjectConfigurationPlatforms) = postSolution
		{7B230C60-4576-4F7B-93F2-5B344E50478F}.Debug|Any CPU.ActiveCfg = Debug|Any CPU
		{7B230C60-4576-4F7B-93F2-5B344E50478F}.Debug|Any CPU.Build.0 = Debug|Any CPU
		{7B230C60-4576-4F7B-93F2-5B344E50478F}.Release|Any CPU.ActiveCfg = Release|Any CPU
		{7B230C60-4576-4F7B-93F2-5B344E50478F}.Release|Any CPU.Build.0 = Release|Any CPU
		{C886B347-DA8E-4048-AD28-5867F6BA78E4}.Debug|Any CPU.ActiveCfg = Debug|Any CPU
		{C886B347-DA8E-4048-AD28-5867F6BA78E4}.Debug|Any CPU.Build.0 = Debug|Any CPU
		{C886B347-DA8E-4048-AD28-5867F6BA78E4}.Release|Any CPU.ActiveCfg = Release|Any CPU
		{C886B347-DA8E-4048-AD28-5867F6BA78E4}.Release|Any CPU.Build.0 = Release|Any CPU
		{4D3983B3-E63D-4107-9250-99BEC1079F08}.Debug|Any CPU.ActiveCfg = Debug|Any CPU
		{4D3983B3-E63D-4107-9250-99BEC1079F08}.Debug|Any CPU.Build.0 = Debug|Any CPU
		{4D3983B3-E63D-4107-9250-99BEC1079F08}.Release|Any CPU.ActiveCfg = Release|Any CPU
		{4D3983B3-E63D-4107-9250-99BEC1079F08}.Release|Any CPU.Build.0 = Release|Any CPU
	EndGlobalSection
	GlobalSection(SolutionProperties) = preSolution
		HideSolutionNode = FALSE
	EndGlobalSection
	GlobalSection(ExtensibilityGlobals) = postSolution
		SolutionGuid = {2613A302-89BD-4939-9746-F35A7AA58221}
	EndGlobalSection
EndGlobal
