
Microsoft Visual Studio Solution File, Format Version 12.00
# Visual Studio Version 16
VisualStudioVersion = 16.0.30517.126
MinimumVisualStudioVersion = 10.0.40219.1
Project("{FAE04EC0-301F-11D3-BF4B-00C04F79EFBC}") = "HandsOnMVCUsingModelPopUp", "HandsOnMVCUsingModelPopUp\HandsOnMVCUsingModelPopUp.csproj", "{3344D3AF-7D1A-4C0E-991A-8FD9B98DB652}"
EndProject
Global
	GlobalSection(SolutionConfigurationPlatforms) = preSolution
		Debug|Any CPU = Debug|Any CPU
		Release|Any CPU = Release|Any CPU
	EndGlobalSection
	GlobalSection(ProjectConfigurationPlatforms) = postSolution
		{3344D3AF-7D1A-4C0E-991A-8FD9B98DB652}.Debug|Any CPU.ActiveCfg = Debug|Any CPU
		{3344D3AF-7D1A-4C0E-991A-8FD9B98DB652}.Debug|Any CPU.Build.0 = Debug|Any CPU
		{3344D3AF-7D1A-4C0E-991A-8FD9B98DB652}.Release|Any CPU.ActiveCfg = Release|Any CPU
		{3344D3AF-7D1A-4C0E-991A-8FD9B98DB652}.Release|Any CPU.Build.0 = Release|Any CPU
	EndGlobalSection
	GlobalSection(SolutionProperties) = preSolution
		HideSolutionNode = FALSE
	EndGlobalSection
	GlobalSection(ExtensibilityGlobals) = postSolution
		SolutionGuid = {0D62BFBB-319E-477D-80F7-9E55E8492EA1}
	EndGlobalSection
EndGlobal
