
Microsoft Visual Studio Solution File, Format Version 12.00
# Visual Studio Version 16
VisualStudioVersion = 16.0.30413.136
MinimumVisualStudioVersion = 10.0.40219.1
Project("{FAE04EC0-301F-11D3-BF4B-00C04F79EFBC}") = "MyFirstAPI", "MyFirstAPI\MyFirstAPI.csproj", "{391BC658-4EAA-478B-9BC0-1E3E2FDF066F}"
EndProject
Global
	GlobalSection(SolutionConfigurationPlatforms) = preSolution
		Debug|Any CPU = Debug|Any CPU
		Release|Any CPU = Release|Any CPU
	EndGlobalSection
	GlobalSection(ProjectConfigurationPlatforms) = postSolution
		{391BC658-4EAA-478B-9BC0-1E3E2FDF066F}.Debug|Any CPU.ActiveCfg = Debug|Any CPU
		{391BC658-4EAA-478B-9BC0-1E3E2FDF066F}.Debug|Any CPU.Build.0 = Debug|Any CPU
		{391BC658-4EAA-478B-9BC0-1E3E2FDF066F}.Release|Any CPU.ActiveCfg = Release|Any CPU
		{391BC658-4EAA-478B-9BC0-1E3E2FDF066F}.Release|Any CPU.Build.0 = Release|Any CPU
	EndGlobalSection
	GlobalSection(SolutionProperties) = preSolution
		HideSolutionNode = FALSE
	EndGlobalSection
	GlobalSection(ExtensibilityGlobals) = postSolution
		SolutionGuid = {9AA37CE0-5C29-4ADD-8C5A-E6D451208177}
	EndGlobalSection
EndGlobal
