
Microsoft Visual Studio Solution File, Format Version 12.00
# Visual Studio Version 16
VisualStudioVersion = 16.0.30406.217
MinimumVisualStudioVersion = 10.0.40219.1
Project("{FAE04EC0-301F-11D3-BF4B-00C04F79EFBC}") = "HandsOnConditionalAndIterativeStatements", "HandsOnConditionalAndIterativeStatements\HandsOnConditionalAndIterativeStatements.csproj", "{81C4AC8A-2103-4572-AC2D-A88550174994}"
EndProject
Global
	GlobalSection(SolutionConfigurationPlatforms) = preSolution
		Debug|Any CPU = Debug|Any CPU
		Release|Any CPU = Release|Any CPU
	EndGlobalSection
	GlobalSection(ProjectConfigurationPlatforms) = postSolution
		{81C4AC8A-2103-4572-AC2D-A88550174994}.Debug|Any CPU.ActiveCfg = Debug|Any CPU
		{81C4AC8A-2103-4572-AC2D-A88550174994}.Debug|Any CPU.Build.0 = Debug|Any CPU
		{81C4AC8A-2103-4572-AC2D-A88550174994}.Release|Any CPU.ActiveCfg = Release|Any CPU
		{81C4AC8A-2103-4572-AC2D-A88550174994}.Release|Any CPU.Build.0 = Release|Any CPU
	EndGlobalSection
	GlobalSection(SolutionProperties) = preSolution
		HideSolutionNode = FALSE
	EndGlobalSection
	GlobalSection(ExtensibilityGlobals) = postSolution
		SolutionGuid = {92FDCB2B-E6CA-4C27-AC4D-37E3B86879DC}
	EndGlobalSection
EndGlobal
