
Microsoft Visual Studio Solution File, Format Version 12.00
# Visual Studio Version 16
VisualStudioVersion = 16.0.30413.136
MinimumVisualStudioVersion = 10.0.40219.1
Project("{FAE04EC0-301F-11D3-BF4B-00C04F79EFBC}") = "HandsOnClassProgramming-2", "HandsOnClassProgramming-2\HandsOnClassProgramming-2.csproj", "{C667D504-5958-4BD6-B425-366B7D8FE39F}"
EndProject
Global
	GlobalSection(SolutionConfigurationPlatforms) = preSolution
		Debug|Any CPU = Debug|Any CPU
		Release|Any CPU = Release|Any CPU
	EndGlobalSection
	GlobalSection(ProjectConfigurationPlatforms) = postSolution
		{C667D504-5958-4BD6-B425-366B7D8FE39F}.Debug|Any CPU.ActiveCfg = Debug|Any CPU
		{C667D504-5958-4BD6-B425-366B7D8FE39F}.Debug|Any CPU.Build.0 = Debug|Any CPU
		{C667D504-5958-4BD6-B425-366B7D8FE39F}.Release|Any CPU.ActiveCfg = Release|Any CPU
		{C667D504-5958-4BD6-B425-366B7D8FE39F}.Release|Any CPU.Build.0 = Release|Any CPU
	EndGlobalSection
	GlobalSection(SolutionProperties) = preSolution
		HideSolutionNode = FALSE
	EndGlobalSection
	GlobalSection(ExtensibilityGlobals) = postSolution
		SolutionGuid = {C45EC7D5-6CC4-477F-A0F8-C3550213C8B8}
	EndGlobalSection
EndGlobal
