
Microsoft Visual Studio Solution File, Format Version 12.00
# Visual Studio Version 16
VisualStudioVersion = 16.0.30517.126
MinimumVisualStudioVersion = 10.0.40219.1
Project("{FAE04EC0-301F-11D3-BF4B-00C04F79EFBC}") = "HandsOnSyncfustion", "HandsOnSyncfustion\HandsOnSyncfustion.csproj", "{6994ED8C-543A-4CA0-BC56-451B578AFA83}"
EndProject
Global
	GlobalSection(SolutionConfigurationPlatforms) = preSolution
		Debug|Any CPU = Debug|Any CPU
		Release|Any CPU = Release|Any CPU
	EndGlobalSection
	GlobalSection(ProjectConfigurationPlatforms) = postSolution
		{6994ED8C-543A-4CA0-BC56-451B578AFA83}.Debug|Any CPU.ActiveCfg = Debug|Any CPU
		{6994ED8C-543A-4CA0-BC56-451B578AFA83}.Debug|Any CPU.Build.0 = Debug|Any CPU
		{6994ED8C-543A-4CA0-BC56-451B578AFA83}.Release|Any CPU.ActiveCfg = Release|Any CPU
		{6994ED8C-543A-4CA0-BC56-451B578AFA83}.Release|Any CPU.Build.0 = Release|Any CPU
	EndGlobalSection
	GlobalSection(SolutionProperties) = preSolution
		HideSolutionNode = FALSE
	EndGlobalSection
	GlobalSection(ExtensibilityGlobals) = postSolution
		SolutionGuid = {5D7EE395-2900-4FEA-90A0-679693431329}
	EndGlobalSection
EndGlobal
